
Microsoft Visual Studio Solution File, Format Version 12.00
# Visual Studio Version 17
VisualStudioVersion = 17.4.33213.308
MinimumVisualStudioVersion = 10.0.40219.1
Project("{FAE04EC0-301F-11D3-BF4B-00C04F79EFBC}") = "Force", "ConsoleApp1\Force.csproj", "{0DAF9E49-C4DE-4BF3-B434-787D342D880C}"
EndProject
Global
	GlobalSection(SolutionConfigurationPlatforms) = preSolution
		Debug|Any CPU = Debug|Any CPU
		Release|Any CPU = Release|Any CPU
	EndGlobalSection
	GlobalSection(ProjectConfigurationPlatforms) = postSolution
		{0DAF9E49-C4DE-4BF3-B434-787D342D880C}.Debug|Any CPU.ActiveCfg = Debug|Any CPU
		{0DAF9E49-C4DE-4BF3-B434-787D342D880C}.Debug|Any CPU.Build.0 = Debug|Any CPU
		{0DAF9E49-C4DE-4BF3-B434-787D342D880C}.Release|Any CPU.ActiveCfg = Release|Any CPU
		{0DAF9E49-C4DE-4BF3-B434-787D342D880C}.Release|Any CPU.Build.0 = Release|Any CPU
	EndGlobalSection
	GlobalSection(SolutionProperties) = preSolution
		HideSolutionNode = FALSE
	EndGlobalSection
	GlobalSection(ExtensibilityGlobals) = postSolution
		SolutionGuid = {4DB7608F-062F-4DD0-A30D-B471D2923DEF}
	EndGlobalSection
EndGlobal
